
Microsoft Visual Studio Solution File, Format Version 12.00
# Visual Studio Version 16
VisualStudioVersion = 16.0.29503.13
MinimumVisualStudioVersion = 10.0.40219.1
Project("{8BC9CEB8-8B4A-11D0-8D11-00A0C91BC942}") = "graph_theory_prim's_algorithm", "graph_theory_prim's_algorithm\graph_theory_prim's_algorithm.vcxproj", "{F198E53A-969A-45AA-ABD1-1EC5F6C2F055}"
EndProject
Global
	GlobalSection(SolutionConfigurationPlatforms) = preSolution
		Debug|x64 = Debug|x64
		Debug|x86 = Debug|x86
		Release|x64 = Release|x64
		Release|x86 = Release|x86
	EndGlobalSection
	GlobalSection(ProjectConfigurationPlatforms) = postSolution
		{F198E53A-969A-45AA-ABD1-1EC5F6C2F055}.Debug|x64.ActiveCfg = Debug|x64
		{F198E53A-969A-45AA-ABD1-1EC5F6C2F055}.Debug|x64.Build.0 = Debug|x64
		{F198E53A-969A-45AA-ABD1-1EC5F6C2F055}.Debug|x86.ActiveCfg = Debug|Win32
		{F198E53A-969A-45AA-ABD1-1EC5F6C2F055}.Debug|x86.Build.0 = Debug|Win32
		{F198E53A-969A-45AA-ABD1-1EC5F6C2F055}.Release|x64.ActiveCfg = Release|x64
		{F198E53A-969A-45AA-ABD1-1EC5F6C2F055}.Release|x64.Build.0 = Release|x64
		{F198E53A-969A-45AA-ABD1-1EC5F6C2F055}.Release|x86.ActiveCfg = Release|Win32
		{F198E53A-969A-45AA-ABD1-1EC5F6C2F055}.Release|x86.Build.0 = Release|Win32
	EndGlobalSection
	GlobalSection(SolutionProperties) = preSolution
		HideSolutionNode = FALSE
	EndGlobalSection
	GlobalSection(ExtensibilityGlobals) = postSolution
		SolutionGuid = {0CE37799-BF51-41D4-9EAC-0B234EBE0BD9}
	EndGlobalSection
EndGlobal
